
Microsoft Visual Studio Solution File, Format Version 12.00
# Visual Studio Version 17
VisualStudioVersion = 17.12.35527.113
MinimumVisualStudioVersion = 10.0.40219.1
Project("{2150E333-8FDC-42A3-9474-1A3956D46DE8}") = "BLL", "BLL", "{D7ED1734-169F-4EAA-9C2D-6AF5AEED7D2F}"
EndProject
Project("{2150E333-8FDC-42A3-9474-1A3956D46DE8}") = "DAL", "DAL", "{1042E60F-A115-4BE7-A7C0-36FB87F07825}"
EndProject
Project("{2150E333-8FDC-42A3-9474-1A3956D46DE8}") = "UI", "UI", "{26AA947F-1F9D-4889-A88B-358F933540D0}"
EndProject
Project("{FAE04EC0-301F-11D3-BF4B-00C04F79EFBC}") = "EasyTrade-Crypto", "EasyTrade-Crypto\EasyTrade-Crypto.csproj", "{3BFDBC21-625A-432B-90BE-8EC88DC28FF6}"
EndProject
Project("{FAE04EC0-301F-11D3-BF4B-00C04F79EFBC}") = "MSSQL", "MSSQL\MSSQL.csproj", "{1495CB5D-2D0E-4804-856A-3EFDE23503D5}"
EndProject
Project("{FAE04EC0-301F-11D3-BF4B-00C04F79EFBC}") = "Models", "Models\Models.csproj", "{A0EE364A-C7EC-4A91-8CA4-E69811931A96}"
EndProject
Project("{FAE04EC0-301F-11D3-BF4B-00C04F79EFBC}") = "Services", "Services\Services.csproj", "{07C5DD16-45C2-46F6-B137-63737571795F}"
EndProject
Project("{FAE04EC0-301F-11D3-BF4B-00C04F79EFBC}") = "Managers", "Managers\Managers.csproj", "{99FFD176-BB80-42D0-ACE6-33F40D364FE0}"
EndProject
Project("{FAE04EC0-301F-11D3-BF4B-00C04F79EFBC}") = "DTO", "DTO\DTO.csproj", "{37803F69-DB66-478B-A8F0-A410E3E84A5E}"
EndProject
Project("{FAE04EC0-301F-11D3-BF4B-00C04F79EFBC}") = "Utilities", "Utilities\Utilities.csproj", "{A9D04BF9-D978-4A45-B1C1-FB2EC352B8CC}"
EndProject
Project("{2150E333-8FDC-42A3-9474-1A3956D46DE8}") = "Interfaces", "Interfaces", "{7A88ABBD-E9D0-4FC3-8551-CB23A684E452}"
EndProject
Project("{FAE04EC0-301F-11D3-BF4B-00C04F79EFBC}") = "Interfaces", "Interfaces\Interfaces.csproj", "{189A034A-55D6-442D-93DA-05010FFA13D2}"
EndProject
Project("{2150E333-8FDC-42A3-9474-1A3956D46DE8}") = "Unit Tests", "Unit Tests", "{D89A2C00-8E70-46CF-A3ED-3F90B079578B}"
EndProject
Project("{FAE04EC0-301F-11D3-BF4B-00C04F79EFBC}") = "Unit Tests", "Unit Tests\Unit Tests.csproj", "{6010BD25-361E-42E7-B572-D8D513E35798}"
EndProject
Global
	GlobalSection(SolutionConfigurationPlatforms) = preSolution
		Debug|Any CPU = Debug|Any CPU
		Release|Any CPU = Release|Any CPU
	EndGlobalSection
	GlobalSection(ProjectConfigurationPlatforms) = postSolution
		{3BFDBC21-625A-432B-90BE-8EC88DC28FF6}.Debug|Any CPU.ActiveCfg = Debug|Any CPU
		{3BFDBC21-625A-432B-90BE-8EC88DC28FF6}.Debug|Any CPU.Build.0 = Debug|Any CPU
		{3BFDBC21-625A-432B-90BE-8EC88DC28FF6}.Release|Any CPU.ActiveCfg = Release|Any CPU
		{3BFDBC21-625A-432B-90BE-8EC88DC28FF6}.Release|Any CPU.Build.0 = Release|Any CPU
		{1495CB5D-2D0E-4804-856A-3EFDE23503D5}.Debug|Any CPU.ActiveCfg = Debug|Any CPU
		{1495CB5D-2D0E-4804-856A-3EFDE23503D5}.Debug|Any CPU.Build.0 = Debug|Any CPU
		{1495CB5D-2D0E-4804-856A-3EFDE23503D5}.Release|Any CPU.ActiveCfg = Release|Any CPU
		{1495CB5D-2D0E-4804-856A-3EFDE23503D5}.Release|Any CPU.Build.0 = Release|Any CPU
		{A0EE364A-C7EC-4A91-8CA4-E69811931A96}.Debug|Any CPU.ActiveCfg = Debug|Any CPU
		{A0EE364A-C7EC-4A91-8CA4-E69811931A96}.Debug|Any CPU.Build.0 = Debug|Any CPU
		{A0EE364A-C7EC-4A91-8CA4-E69811931A96}.Release|Any CPU.ActiveCfg = Release|Any CPU
		{A0EE364A-C7EC-4A91-8CA4-E69811931A96}.Release|Any CPU.Build.0 = Release|Any CPU
		{07C5DD16-45C2-46F6-B137-63737571795F}.Debug|Any CPU.ActiveCfg = Debug|Any CPU
		{07C5DD16-45C2-46F6-B137-63737571795F}.Debug|Any CPU.Build.0 = Debug|Any CPU
		{07C5DD16-45C2-46F6-B137-63737571795F}.Release|Any CPU.ActiveCfg = Release|Any CPU
		{07C5DD16-45C2-46F6-B137-63737571795F}.Release|Any CPU.Build.0 = Release|Any CPU
		{99FFD176-BB80-42D0-ACE6-33F40D364FE0}.Debug|Any CPU.ActiveCfg = Debug|Any CPU
		{99FFD176-BB80-42D0-ACE6-33F40D364FE0}.Debug|Any CPU.Build.0 = Debug|Any CPU
		{99FFD176-BB80-42D0-ACE6-33F40D364FE0}.Release|Any CPU.ActiveCfg = Release|Any CPU
		{99FFD176-BB80-42D0-ACE6-33F40D364FE0}.Release|Any CPU.Build.0 = Release|Any CPU
		{37803F69-DB66-478B-A8F0-A410E3E84A5E}.Debug|Any CPU.ActiveCfg = Debug|Any CPU
		{37803F69-DB66-478B-A8F0-A410E3E84A5E}.Debug|Any CPU.Build.0 = Debug|Any CPU
		{37803F69-DB66-478B-A8F0-A410E3E84A5E}.Release|Any CPU.ActiveCfg = Release|Any CPU
		{37803F69-DB66-478B-A8F0-A410E3E84A5E}.Release|Any CPU.Build.0 = Release|Any CPU
		{A9D04BF9-D978-4A45-B1C1-FB2EC352B8CC}.Debug|Any CPU.ActiveCfg = Debug|Any CPU
		{A9D04BF9-D978-4A45-B1C1-FB2EC352B8CC}.Debug|Any CPU.Build.0 = Debug|Any CPU
		{A9D04BF9-D978-4A45-B1C1-FB2EC352B8CC}.Release|Any CPU.ActiveCfg = Release|Any CPU
		{A9D04BF9-D978-4A45-B1C1-FB2EC352B8CC}.Release|Any CPU.Build.0 = Release|Any CPU
		{189A034A-55D6-442D-93DA-05010FFA13D2}.Debug|Any CPU.ActiveCfg = Debug|Any CPU
		{189A034A-55D6-442D-93DA-05010FFA13D2}.Debug|Any CPU.Build.0 = Debug|Any CPU
		{189A034A-55D6-442D-93DA-05010FFA13D2}.Release|Any CPU.ActiveCfg = Release|Any CPU
		{189A034A-55D6-442D-93DA-05010FFA13D2}.Release|Any CPU.Build.0 = Release|Any CPU
		{6010BD25-361E-42E7-B572-D8D513E35798}.Debug|Any CPU.ActiveCfg = Debug|Any CPU
		{6010BD25-361E-42E7-B572-D8D513E35798}.Debug|Any CPU.Build.0 = Debug|Any CPU
		{6010BD25-361E-42E7-B572-D8D513E35798}.Release|Any CPU.ActiveCfg = Release|Any CPU
		{6010BD25-361E-42E7-B572-D8D513E35798}.Release|Any CPU.Build.0 = Release|Any CPU
	EndGlobalSection
	GlobalSection(SolutionProperties) = preSolution
		HideSolutionNode = FALSE
	EndGlobalSection
	GlobalSection(NestedProjects) = preSolution
		{3BFDBC21-625A-432B-90BE-8EC88DC28FF6} = {26AA947F-1F9D-4889-A88B-358F933540D0}
		{1495CB5D-2D0E-4804-856A-3EFDE23503D5} = {1042E60F-A115-4BE7-A7C0-36FB87F07825}
		{A0EE364A-C7EC-4A91-8CA4-E69811931A96} = {D7ED1734-169F-4EAA-9C2D-6AF5AEED7D2F}
		{07C5DD16-45C2-46F6-B137-63737571795F} = {D7ED1734-169F-4EAA-9C2D-6AF5AEED7D2F}
		{99FFD176-BB80-42D0-ACE6-33F40D364FE0} = {D7ED1734-169F-4EAA-9C2D-6AF5AEED7D2F}
		{37803F69-DB66-478B-A8F0-A410E3E84A5E} = {D7ED1734-169F-4EAA-9C2D-6AF5AEED7D2F}
		{A9D04BF9-D978-4A45-B1C1-FB2EC352B8CC} = {D7ED1734-169F-4EAA-9C2D-6AF5AEED7D2F}
		{189A034A-55D6-442D-93DA-05010FFA13D2} = {7A88ABBD-E9D0-4FC3-8551-CB23A684E452}
		{6010BD25-361E-42E7-B572-D8D513E35798} = {D89A2C00-8E70-46CF-A3ED-3F90B079578B}
	EndGlobalSection
EndGlobal
